
Microsoft Visual Studio Solution File, Format Version 12.00
# Visual Studio Version 17
VisualStudioVersion = 17.6.33712.159
MinimumVisualStudioVersion = 10.0.40219.1
Project("{FAE04EC0-301F-11D3-BF4B-00C04F79EFBC}") = "Dentistry", "Dentristy\Dentistry.csproj", "{151D16AF-94E9-4D05-A896-A22F3F863F37}"
EndProject
Global
	GlobalSection(SolutionConfigurationPlatforms) = preSolution
		Debug|Any CPU = Debug|Any CPU
		Release|Any CPU = Release|Any CPU
	EndGlobalSection
	GlobalSection(ProjectConfigurationPlatforms) = postSolution
		{151D16AF-94E9-4D05-A896-A22F3F863F37}.Debug|Any CPU.ActiveCfg = Debug|Any CPU
		{151D16AF-94E9-4D05-A896-A22F3F863F37}.Debug|Any CPU.Build.0 = Debug|Any CPU
		{151D16AF-94E9-4D05-A896-A22F3F863F37}.Release|Any CPU.ActiveCfg = Release|Any CPU
		{151D16AF-94E9-4D05-A896-A22F3F863F37}.Release|Any CPU.Build.0 = Release|Any CPU
	EndGlobalSection
	GlobalSection(SolutionProperties) = preSolution
		HideSolutionNode = FALSE
	EndGlobalSection
	GlobalSection(ExtensibilityGlobals) = postSolution
		SolutionGuid = {96623DD4-A108-4CEB-B85C-896A8B998AA4}
	EndGlobalSection
EndGlobal
